
Microsoft Visual Studio Solution File, Format Version 12.00
# Visual Studio 15
VisualStudioVersion = 15.0.27004.2006
MinimumVisualStudioVersion = 10.0.40219.1
Project("{FAE04EC0-301F-11D3-BF4B-00C04F79EFBC}") = "Filtro de Ramos", "Filtro de Ramos\Filtro de Ramos.csproj", "{9BCCA075-AB17-419D-A2B6-E09CCADD626A}"
EndProject
Global
	GlobalSection(SolutionConfigurationPlatforms) = preSolution
		Debug|Any CPU = Debug|Any CPU
		Release|Any CPU = Release|Any CPU
	EndGlobalSection
	GlobalSection(ProjectConfigurationPlatforms) = postSolution
		{9BCCA075-AB17-419D-A2B6-E09CCADD626A}.Debug|Any CPU.ActiveCfg = Debug|Any CPU
		{9BCCA075-AB17-419D-A2B6-E09CCADD626A}.Debug|Any CPU.Build.0 = Debug|Any CPU
		{9BCCA075-AB17-419D-A2B6-E09CCADD626A}.Release|Any CPU.ActiveCfg = Release|Any CPU
		{9BCCA075-AB17-419D-A2B6-E09CCADD626A}.Release|Any CPU.Build.0 = Release|Any CPU
	EndGlobalSection
	GlobalSection(SolutionProperties) = preSolution
		HideSolutionNode = FALSE
	EndGlobalSection
	GlobalSection(ExtensibilityGlobals) = postSolution
		SolutionGuid = {BBECA668-E192-4337-A699-101CA0A33A69}
	EndGlobalSection
EndGlobal
